
Microsoft Visual Studio Solution File, Format Version 12.00
# Visual Studio 15
VisualStudioVersion = 15.0.27130.2010
MinimumVisualStudioVersion = 10.0.40219.1
Project("{FAE04EC0-301F-11D3-BF4B-00C04F79EFBC}") = "BasketKata.Tests", "BasketKata.Tests\BasketKata.Tests.csproj", "{788CC1C3-3A5E-4DC9-9763-B469139A995C}"
EndProject
Global
	GlobalSection(SolutionConfigurationPlatforms) = preSolution
		Debug|Any CPU = Debug|Any CPU
		Release|Any CPU = Release|Any CPU
	EndGlobalSection
	GlobalSection(ProjectConfigurationPlatforms) = postSolution
		{788CC1C3-3A5E-4DC9-9763-B469139A995C}.Debug|Any CPU.ActiveCfg = Debug|Any CPU
		{788CC1C3-3A5E-4DC9-9763-B469139A995C}.Debug|Any CPU.Build.0 = Debug|Any CPU
		{788CC1C3-3A5E-4DC9-9763-B469139A995C}.Release|Any CPU.ActiveCfg = Release|Any CPU
		{788CC1C3-3A5E-4DC9-9763-B469139A995C}.Release|Any CPU.Build.0 = Release|Any CPU
	EndGlobalSection
	GlobalSection(SolutionProperties) = preSolution
		HideSolutionNode = FALSE
	EndGlobalSection
	GlobalSection(ExtensibilityGlobals) = postSolution
		SolutionGuid = {5630ABD9-7C6D-4560-8D63-2E31571C376B}
	EndGlobalSection
EndGlobal
